// !$*UTF8*$!
{
	archiveVersion = 1;
	classes = {
	};
	objectVersion = 56;
	objects = {

/* Begin PBXBuildFile section */
		1A7300022A302F780092CECD /* swift_UIApp.swift in Sources */ = {isa = PBXBuildFile; fileRef = 1A7300012A302F780092CECD /* swift_UIApp.swift */; };
		1A7300062A302F7A0092CECD /* Assets.xcassets in Resources */ = {isa = PBXBuildFile; fileRef = 1A7300052A302F7A0092CECD /* Assets.xcassets */; };
		1A7300092A302F7A0092CECD /* Preview Assets.xcassets in Resources */ = {isa = PBXBuildFile; fileRef = 1A7300082A302F7A0092CECD /* Preview Assets.xcassets */; };
		1A7300102A305F160092CECD /* CircleImage.swift in Sources */ = {isa = PBXBuildFile; fileRef = 1A73000F2A305F160092CECD /* CircleImage.swift */; };
		1A7300122A3064C20092CECD /* MapView.swift in Sources */ = {isa = PBXBuildFile; fileRef = 1A7300112A3064C20092CECD /* MapView.swift */; };
		1A7300142A3072730092CECD /* landmarkData.json in Resources */ = {isa = PBXBuildFile; fileRef = 1A7300132A3072730092CECD /* landmarkData.json */; };
		1A7300162A30729D0092CECD /* Landmark.swift in Sources */ = {isa = PBXBuildFile; fileRef = 1A7300152A30729D0092CECD /* Landmark.swift */; };
		1A73001A2A3164C30092CECD /* ModelData.swift in Sources */ = {isa = PBXBuildFile; fileRef = 1A7300192A3164C30092CECD /* ModelData.swift */; };
		1A7300232A31B00E0092CECD /* LandmarkRow.swift in Sources */ = {isa = PBXBuildFile; fileRef = 1A7300222A31B00E0092CECD /* LandmarkRow.swift */; };
		1A7E4AC82A31BF54000DB84D /* LandmarkList.swift in Sources */ = {isa = PBXBuildFile; fileRef = 1A7E4AC72A31BF54000DB84D /* LandmarkList.swift */; };
		1A7E4ACA2A31C107000DB84D /* LandmarkDetail.swift in Sources */ = {isa = PBXBuildFile; fileRef = 1A7E4AC92A31C107000DB84D /* LandmarkDetail.swift */; };
		1A7E4ACC2A31C746000DB84D /* ContentView.swift in Sources */ = {isa = PBXBuildFile; fileRef = 1A7E4ACB2A31C746000DB84D /* ContentView.swift */; };
		1A7E4AD02A32C3D3000DB84D /* FavoriteButton.swift in Sources */ = {isa = PBXBuildFile; fileRef = 1A7E4ACF2A32C3D3000DB84D /* FavoriteButton.swift */; };
		1A7E4AD22A32CD00000DB84D /* HexagonParameters.swift in Sources */ = {isa = PBXBuildFile; fileRef = 1A7E4AD12A32CD00000DB84D /* HexagonParameters.swift */; };
		1A7E4AD42A32D155000DB84D /* BadgeBackground.swift in Sources */ = {isa = PBXBuildFile; fileRef = 1A7E4AD32A32D155000DB84D /* BadgeBackground.swift */; };
		1A7E4AD62A330525000DB84D /* BadgeSymbol.swift in Sources */ = {isa = PBXBuildFile; fileRef = 1A7E4AD52A330525000DB84D /* BadgeSymbol.swift */; };
		1A7E4AD82A3306E4000DB84D /* RotatedBadgeSymbol.swift in Sources */ = {isa = PBXBuildFile; fileRef = 1A7E4AD72A3306E4000DB84D /* RotatedBadgeSymbol.swift */; };
		1A7E4ADA2A330721000DB84D /* Badge.swift in Sources */ = {isa = PBXBuildFile; fileRef = 1A7E4AD92A330721000DB84D /* Badge.swift */; };
		1A7E4ADD2A36F34A000DB84D /* hikeData.json in Resources */ = {isa = PBXBuildFile; fileRef = 1A7E4ADC2A36F34A000DB84D /* hikeData.json */; };
		1A7E4ADF2A36F389000DB84D /* Hike.swift in Sources */ = {isa = PBXBuildFile; fileRef = 1A7E4ADE2A36F389000DB84D /* Hike.swift */; };
		1A7E4AE72A36F933000DB84D /* GraphCapsule.swift in Sources */ = {isa = PBXBuildFile; fileRef = 1A7E4AE32A36F933000DB84D /* GraphCapsule.swift */; };
		1A7E4AE82A36F933000DB84D /* HikeGraph.swift in Sources */ = {isa = PBXBuildFile; fileRef = 1A7E4AE42A36F933000DB84D /* HikeGraph.swift */; };
		1A7E4AE92A36F933000DB84D /* HikeDetail.swift in Sources */ = {isa = PBXBuildFile; fileRef = 1A7E4AE52A36F933000DB84D /* HikeDetail.swift */; };
		1A7E4AEA2A36F933000DB84D /* HikeView.swift in Sources */ = {isa = PBXBuildFile; fileRef = 1A7E4AE62A36F933000DB84D /* HikeView.swift */; };
/* End PBXBuildFile section */

/* Begin PBXFileReference section */
		1A7300012A302F780092CECD /* swift_UIApp.swift */ = {isa = PBXFileReference; lastKnownFileType = sourcecode.swift; path = swift_UIApp.swift; sourceTree = "<group>"; };
		1A7300052A302F7A0092CECD /* Assets.xcassets */ = {isa = PBXFileReference; lastKnownFileType = folder.assetcatalog; path = Assets.xcassets; sourceTree = "<group>"; };
		1A7300082A302F7A0092CECD /* Preview Assets.xcassets */ = {isa = PBXFileReference; lastKnownFileType = folder.assetcatalog; path = "Preview Assets.xcassets"; sourceTree = "<group>"; };
		1A73000F2A305F160092CECD /* CircleImage.swift */ = {isa = PBXFileReference; lastKnownFileType = sourcecode.swift; path = CircleImage.swift; sourceTree = "<group>"; };
		1A7300112A3064C20092CECD /* MapView.swift */ = {isa = PBXFileReference; lastKnownFileType = sourcecode.swift; path = MapView.swift; sourceTree = "<group>"; };
		1A7300132A3072730092CECD /* landmarkData.json */ = {isa = PBXFileReference; fileEncoding = 4; lastKnownFileType = text.json; path = landmarkData.json; sourceTree = "<group>"; };
		1A7300152A30729D0092CECD /* Landmark.swift */ = {isa = PBXFileReference; lastKnownFileType = sourcecode.swift; path = Landmark.swift; sourceTree = "<group>"; };
		1A7300192A3164C30092CECD /* ModelData.swift */ = {isa = PBXFileReference; lastKnownFileType = sourcecode.swift; path = ModelData.swift; sourceTree = "<group>"; };
		1A7300222A31B00E0092CECD /* LandmarkRow.swift */ = {isa = PBXFileReference; lastKnownFileType = sourcecode.swift; path = LandmarkRow.swift; sourceTree = "<group>"; };
		1A73FFFE2A302F780092CECD /* swift UI.app */ = {isa = PBXFileReference; explicitFileType = wrapper.application; includeInIndex = 0; path = "swift UI.app"; sourceTree = BUILT_PRODUCTS_DIR; };
		1A7E4AC72A31BF54000DB84D /* LandmarkList.swift */ = {isa = PBXFileReference; lastKnownFileType = sourcecode.swift; path = LandmarkList.swift; sourceTree = "<group>"; };
		1A7E4AC92A31C107000DB84D /* LandmarkDetail.swift */ = {isa = PBXFileReference; lastKnownFileType = sourcecode.swift; path = LandmarkDetail.swift; sourceTree = "<group>"; };
		1A7E4ACB2A31C746000DB84D /* ContentView.swift */ = {isa = PBXFileReference; lastKnownFileType = sourcecode.swift; path = ContentView.swift; sourceTree = "<group>"; };
		1A7E4ACF2A32C3D3000DB84D /* FavoriteButton.swift */ = {isa = PBXFileReference; lastKnownFileType = sourcecode.swift; path = FavoriteButton.swift; sourceTree = "<group>"; };
		1A7E4AD12A32CD00000DB84D /* HexagonParameters.swift */ = {isa = PBXFileReference; lastKnownFileType = sourcecode.swift; path = HexagonParameters.swift; sourceTree = "<group>"; };
		1A7E4AD32A32D155000DB84D /* BadgeBackground.swift */ = {isa = PBXFileReference; lastKnownFileType = sourcecode.swift; path = BadgeBackground.swift; sourceTree = "<group>"; };
		1A7E4AD52A330525000DB84D /* BadgeSymbol.swift */ = {isa = PBXFileReference; lastKnownFileType = sourcecode.swift; path = BadgeSymbol.swift; sourceTree = "<group>"; };
		1A7E4AD72A3306E4000DB84D /* RotatedBadgeSymbol.swift */ = {isa = PBXFileReference; lastKnownFileType = sourcecode.swift; path = RotatedBadgeSymbol.swift; sourceTree = "<group>"; };
		1A7E4AD92A330721000DB84D /* Badge.swift */ = {isa = PBXFileReference; lastKnownFileType = sourcecode.swift; path = Badge.swift; sourceTree = "<group>"; };
		1A7E4ADC2A36F34A000DB84D /* hikeData.json */ = {isa = PBXFileReference; fileEncoding = 4; lastKnownFileType = text.json; name = hikeData.json; path = ../../../AnimatingViewsAndTransitions/Resources/hikeData.json; sourceTree = "<group>"; };
		1A7E4ADE2A36F389000DB84D /* Hike.swift */ = {isa = PBXFileReference; lastKnownFileType = sourcecode.swift; path = Hike.swift; sourceTree = "<group>"; };
		1A7E4AE32A36F933000DB84D /* GraphCapsule.swift */ = {isa = PBXFileReference; fileEncoding = 4; lastKnownFileType = sourcecode.swift; path = GraphCapsule.swift; sourceTree = "<group>"; };
		1A7E4AE42A36F933000DB84D /* HikeGraph.swift */ = {isa = PBXFileReference; fileEncoding = 4; lastKnownFileType = sourcecode.swift; path = HikeGraph.swift; sourceTree = "<group>"; };
		1A7E4AE52A36F933000DB84D /* HikeDetail.swift */ = {isa = PBXFileReference; fileEncoding = 4; lastKnownFileType = sourcecode.swift; path = HikeDetail.swift; sourceTree = "<group>"; };
		1A7E4AE62A36F933000DB84D /* HikeView.swift */ = {isa = PBXFileReference; fileEncoding = 4; lastKnownFileType = sourcecode.swift; path = HikeView.swift; sourceTree = "<group>"; };
/* End PBXFileReference section */

/* Begin PBXFrameworksBuildPhase section */
		1A73FFFB2A302F780092CECD /* Frameworks */ = {
			isa = PBXFrameworksBuildPhase;
			buildActionMask = 2147483647;
			files = (
			);
			runOnlyForDeploymentPostprocessing = 0;
		};
/* End PBXFrameworksBuildPhase section */

/* Begin PBXGroup section */
		1A7300002A302F780092CECD /* swift UI */ = {
			isa = PBXGroup;
			children = (
				1A73001E2A31AEEC0092CECD /* Resources */,
				1A73001D2A31AEE30092CECD /* Views */,
				1A73001C2A31AED00092CECD /* Model */,
				1A7300012A302F780092CECD /* swift_UIApp.swift */,
				1A7300052A302F7A0092CECD /* Assets.xcassets */,
				1A7300072A302F7A0092CECD /* Preview Content */,
			);
			path = "swift UI";
			sourceTree = "<group>";
		};
		1A7300072A302F7A0092CECD /* Preview Content */ = {
			isa = PBXGroup;
			children = (
				1A7300082A302F7A0092CECD /* Preview Assets.xcassets */,
			);
			path = "Preview Content";
			sourceTree = "<group>";
		};
		1A73001C2A31AED00092CECD /* Model */ = {
			isa = PBXGroup;
			children = (
				1A7300192A3164C30092CECD /* ModelData.swift */,
				1A7300152A30729D0092CECD /* Landmark.swift */,
				1A7E4ADE2A36F389000DB84D /* Hike.swift */,
			);
			path = Model;
			sourceTree = "<group>";
		};
		1A73001D2A31AEE30092CECD /* Views */ = {
			isa = PBXGroup;
			children = (
				1A7E4AE22A36F933000DB84D /* Hikes */,
				1A7E4ADB2A3307B8000DB84D /* Badge */,
				1A7E4ACB2A31C746000DB84D /* ContentView.swift */,
				1A7E4ACE2A32C38B000DB84D /* Helpers */,
				1A7E4ACD2A32C377000DB84D /* Landmarks */,
			);
			path = Views;
			sourceTree = "<group>";
		};
		1A73001E2A31AEEC0092CECD /* Resources */ = {
			isa = PBXGroup;
			children = (
				1A7300132A3072730092CECD /* landmarkData.json */,
				1A7E4ADC2A36F34A000DB84D /* hikeData.json */,
			);
			path = Resources;
			sourceTree = "<group>";
		};
		1A73FFF52A302F780092CECD = {
			isa = PBXGroup;
			children = (
				1A7300002A302F780092CECD /* swift UI */,
				1A73FFFF2A302F780092CECD /* Products */,
			);
			sourceTree = "<group>";
		};
		1A73FFFF2A302F780092CECD /* Products */ = {
			isa = PBXGroup;
			children = (
				1A73FFFE2A302F780092CECD /* swift UI.app */,
			);
			name = Products;
			sourceTree = "<group>";
		};
		1A7E4ACD2A32C377000DB84D /* Landmarks */ = {
			isa = PBXGroup;
			children = (
				1A7300222A31B00E0092CECD /* LandmarkRow.swift */,
				1A7E4AC72A31BF54000DB84D /* LandmarkList.swift */,
				1A7E4AC92A31C107000DB84D /* LandmarkDetail.swift */,
			);
			path = Landmarks;
			sourceTree = "<group>";
		};
		1A7E4ACE2A32C38B000DB84D /* Helpers */ = {
			isa = PBXGroup;
			children = (
				1A7300112A3064C20092CECD /* MapView.swift */,
				1A73000F2A305F160092CECD /* CircleImage.swift */,
				1A7E4ACF2A32C3D3000DB84D /* FavoriteButton.swift */,
			);
			path = Helpers;
			sourceTree = "<group>";
		};
		1A7E4ADB2A3307B8000DB84D /* Badge */ = {
			isa = PBXGroup;
			children = (
				1A7E4AD12A32CD00000DB84D /* HexagonParameters.swift */,
				1A7E4AD52A330525000DB84D /* BadgeSymbol.swift */,
				1A7E4AD72A3306E4000DB84D /* RotatedBadgeSymbol.swift */,
				1A7E4AD92A330721000DB84D /* Badge.swift */,
				1A7E4AD32A32D155000DB84D /* BadgeBackground.swift */,
			);
			path = Badge;
			sourceTree = "<group>";
		};
		1A7E4AE22A36F933000DB84D /* Hikes */ = {
			isa = PBXGroup;
			children = (
				1A7E4AE32A36F933000DB84D /* GraphCapsule.swift */,
				1A7E4AE42A36F933000DB84D /* HikeGraph.swift */,
				1A7E4AE52A36F933000DB84D /* HikeDetail.swift */,
				1A7E4AE62A36F933000DB84D /* HikeView.swift */,
			);
			name = Hikes;
			path = ../../../AnimatingViewsAndTransitions/Resources/Hikes;
			sourceTree = "<group>";
		};
/* End PBXGroup section */

/* Begin PBXNativeTarget section */
		1A73FFFD2A302F780092CECD /* swift UI */ = {
			isa = PBXNativeTarget;
			buildConfigurationList = 1A73000C2A302F7A0092CECD /* Build configuration list for PBXNativeTarget "swift UI" */;
			buildPhases = (
				1A73FFFA2A302F780092CECD /* Sources */,
				1A73FFFB2A302F780092CECD /* Frameworks */,
				1A73FFFC2A302F780092CECD /* Resources */,
			);
			buildRules = (
			);
			dependencies = (
			);
			name = "swift UI";
			productName = "swift UI";
			productReference = 1A73FFFE2A302F780092CECD /* swift UI.app */;
			productType = "com.apple.product-type.application";
		};
/* End PBXNativeTarget section */

/* Begin PBXProject section */
		1A73FFF62A302F780092CECD /* Project object */ = {
			isa = PBXProject;
			attributes = {
				BuildIndependentTargetsInParallel = 1;
				LastSwiftUpdateCheck = 1430;
				LastUpgradeCheck = 1430;
				TargetAttributes = {
					1A73FFFD2A302F780092CECD = {
						CreatedOnToolsVersion = 14.3;
					};
				};
			};
			buildConfigurationList = 1A73FFF92A302F780092CECD /* Build configuration list for PBXProject "swift UI" */;
			compatibilityVersion = "Xcode 14.0";
			developmentRegion = en;
			hasScannedForEncodings = 0;
			knownRegions = (
				en,
				Base,
			);
			mainGroup = 1A73FFF52A302F780092CECD;
			productRefGroup = 1A73FFFF2A302F780092CECD /* Products */;
			projectDirPath = "";
			projectRoot = "";
			targets = (
				1A73FFFD2A302F780092CECD /* swift UI */,
			);
		};
/* End PBXProject section */

/* Begin PBXResourcesBuildPhase section */
		1A73FFFC2A302F780092CECD /* Resources */ = {
			isa = PBXResourcesBuildPhase;
			buildActionMask = 2147483647;
			files = (
				1A7E4ADD2A36F34A000DB84D /* hikeData.json in Resources */,
				1A7300092A302F7A0092CECD /* Preview Assets.xcassets in Resources */,
				1A7300062A302F7A0092CECD /* Assets.xcassets in Resources */,
				1A7300142A3072730092CECD /* landmarkData.json in Resources */,
			);
			runOnlyForDeploymentPostprocessing = 0;
		};
/* End PBXResourcesBuildPhase section */

/* Begin PBXSourcesBuildPhase section */
		1A73FFFA2A302F780092CECD /* Sources */ = {
			isa = PBXSourcesBuildPhase;
			buildActionMask = 2147483647;
			files = (
				1A7300122A3064C20092CECD /* MapView.swift in Sources */,
				1A7E4AE82A36F933000DB84D /* HikeGraph.swift in Sources */,
				1A7E4ADA2A330721000DB84D /* Badge.swift in Sources */,
				1A7E4ACA2A31C107000DB84D /* LandmarkDetail.swift in Sources */,
				1A7E4AE72A36F933000DB84D /* GraphCapsule.swift in Sources */,
				1A7300022A302F780092CECD /* swift_UIApp.swift in Sources */,
				1A7E4AD02A32C3D3000DB84D /* FavoriteButton.swift in Sources */,
				1A7E4AE92A36F933000DB84D /* HikeDetail.swift in Sources */,
				1A7E4AD22A32CD00000DB84D /* HexagonParameters.swift in Sources */,
				1A7E4ADF2A36F389000DB84D /* Hike.swift in Sources */,
				1A7E4AD82A3306E4000DB84D /* RotatedBadgeSymbol.swift in Sources */,
				1A7E4AD62A330525000DB84D /* BadgeSymbol.swift in Sources */,
				1A7E4AC82A31BF54000DB84D /* LandmarkList.swift in Sources */,
				1A7E4AEA2A36F933000DB84D /* HikeView.swift in Sources */,
				1A7300102A305F160092CECD /* CircleImage.swift in Sources */,
				1A7E4AD42A32D155000DB84D /* BadgeBackground.swift in Sources */,
				1A7E4ACC2A31C746000DB84D /* ContentView.swift in Sources */,
				1A7300162A30729D0092CECD /* Landmark.swift in Sources */,
				1A7300232A31B00E0092CECD /* LandmarkRow.swift in Sources */,
				1A73001A2A3164C30092CECD /* ModelData.swift in Sources */,
			);
			runOnlyForDeploymentPostprocessing = 0;
		};
/* End PBXSourcesBuildPhase section */

/* Begin XCBuildConfiguration section */
		1A73000A2A302F7A0092CECD /* Debug */ = {
			isa = XCBuildConfiguration;
			buildSettings = {
				ALWAYS_SEARCH_USER_PATHS = NO;
				CLANG_ANALYZER_NONNULL = YES;
				CLANG_ANALYZER_NUMBER_OBJECT_CONVERSION = YES_AGGRESSIVE;
				CLANG_CXX_LANGUAGE_STANDARD = "gnu++20";
				CLANG_ENABLE_MODULES = YES;
				CLANG_ENABLE_OBJC_ARC = YES;
				CLANG_ENABLE_OBJC_WEAK = YES;
				CLANG_WARN_BLOCK_CAPTURE_AUTORELEASING = YES;
				CLANG_WARN_BOOL_CONVERSION = YES;
				CLANG_WARN_COMMA = YES;
				CLANG_WARN_CONSTANT_CONVERSION = YES;
				CLANG_WARN_DEPRECATED_OBJC_IMPLEMENTATIONS = YES;
				CLANG_WARN_DIRECT_OBJC_ISA_USAGE = YES_ERROR;
				CLANG_WARN_DOCUMENTATION_COMMENTS = YES;
				CLANG_WARN_EMPTY_BODY = YES;
				CLANG_WARN_ENUM_CONVERSION = YES;
				CLANG_WARN_INFINITE_RECURSION = YES;
				CLANG_WARN_INT_CONVERSION = YES;
				CLANG_WARN_NON_LITERAL_NULL_CONVERSION = YES;
				CLANG_WARN_OBJC_IMPLICIT_RETAIN_SELF = YES;
				CLANG_WARN_OBJC_LITERAL_CONVERSION = YES;
				CLANG_WARN_OBJC_ROOT_CLASS = YES_ERROR;
				CLANG_WARN_QUOTED_INCLUDE_IN_FRAMEWORK_HEADER = YES;
				CLANG_WARN_RANGE_LOOP_ANALYSIS = YES;
				CLANG_WARN_STRICT_PROTOTYPES = YES;
				CLANG_WARN_SUSPICIOUS_MOVE = YES;
				CLANG_WARN_UNGUARDED_AVAILABILITY = YES_AGGRESSIVE;
				CLANG_WARN_UNREACHABLE_CODE = YES;
				CLANG_WARN__DUPLICATE_METHOD_MATCH = YES;
				COPY_PHASE_STRIP = NO;
				DEBUG_INFORMATION_FORMAT = dwarf;
				ENABLE_STRICT_OBJC_MSGSEND = YES;
				ENABLE_TESTABILITY = YES;
				GCC_C_LANGUAGE_STANDARD = gnu11;
				GCC_DYNAMIC_NO_PIC = NO;
				GCC_NO_COMMON_BLOCKS = YES;
				GCC_OPTIMIZATION_LEVEL = 0;
				GCC_PREPROCESSOR_DEFINITIONS = (
					"DEBUG=1",
					"$(inherited)",
				);
				GCC_WARN_64_TO_32_BIT_CONVERSION = YES;
				GCC_WARN_ABOUT_RETURN_TYPE = YES_ERROR;
				GCC_WARN_UNDECLARED_SELECTOR = YES;
				GCC_WARN_UNINITIALIZED_AUTOS = YES_AGGRESSIVE;
				GCC_WARN_UNUSED_FUNCTION = YES;
				GCC_WARN_UNUSED_VARIABLE = YES;
				IPHONEOS_DEPLOYMENT_TARGET = 16.4;
				MTL_ENABLE_DEBUG_INFO = INCLUDE_SOURCE;
				MTL_FAST_MATH = YES;
				ONLY_ACTIVE_ARCH = YES;
				SDKROOT = iphoneos;
				SWIFT_ACTIVE_COMPILATION_CONDITIONS = DEBUG;
				SWIFT_OPTIMIZATION_LEVEL = "-Onone";
			};
			name = Debug;
		};
		1A73000B2A302F7A0092CECD /* Release */ = {
			isa = XCBuildConfiguration;
			buildSettings = {
				ALWAYS_SEARCH_USER_PATHS = NO;
				CLANG_ANALYZER_NONNULL = YES;
				CLANG_ANALYZER_NUMBER_OBJECT_CONVERSION = YES_AGGRESSIVE;
				CLANG_CXX_LANGUAGE_STANDARD = "gnu++20";
				CLANG_ENABLE_MODULES = YES;
				CLANG_ENABLE_OBJC_ARC = YES;
				CLANG_ENABLE_OBJC_WEAK = YES;
				CLANG_WARN_BLOCK_CAPTURE_AUTORELEASING = YES;
				CLANG_WARN_BOOL_CONVERSION = YES;
				CLANG_WARN_COMMA = YES;
				CLANG_WARN_CONSTANT_CONVERSION = YES;
				CLANG_WARN_DEPRECATED_OBJC_IMPLEMENTATIONS = YES;
				CLANG_WARN_DIRECT_OBJC_ISA_USAGE = YES_ERROR;
				CLANG_WARN_DOCUMENTATION_COMMENTS = YES;
				CLANG_WARN_EMPTY_BODY = YES;
				CLANG_WARN_ENUM_CONVERSION = YES;
				CLANG_WARN_INFINITE_RECURSION = YES;
				CLANG_WARN_INT_CONVERSION = YES;
				CLANG_WARN_NON_LITERAL_NULL_CONVERSION = YES;
				CLANG_WARN_OBJC_IMPLICIT_RETAIN_SELF = YES;
				CLANG_WARN_OBJC_LITERAL_CONVERSION = YES;
				CLANG_WARN_OBJC_ROOT_CLASS = YES_ERROR;
				CLANG_WARN_QUOTED_INCLUDE_IN_FRAMEWORK_HEADER = YES;
				CLANG_WARN_RANGE_LOOP_ANALYSIS = YES;
				CLANG_WARN_STRICT_PROTOTYPES = YES;
				CLANG_WARN_SUSPICIOUS_MOVE = YES;
				CLANG_WARN_UNGUARDED_AVAILABILITY = YES_AGGRESSIVE;
				CLANG_WARN_UNREACHABLE_CODE = YES;
				CLANG_WARN__DUPLICATE_METHOD_MATCH = YES;
				COPY_PHASE_STRIP = NO;
				DEBUG_INFORMATION_FORMAT = "dwarf-with-dsym";
				ENABLE_NS_ASSERTIONS = NO;
				ENABLE_STRICT_OBJC_MSGSEND = YES;
				GCC_C_LANGUAGE_STANDARD = gnu11;
				GCC_NO_COMMON_BLOCKS = YES;
				GCC_WARN_64_TO_32_BIT_CONVERSION = YES;
				GCC_WARN_ABOUT_RETURN_TYPE = YES_ERROR;
				GCC_WARN_UNDECLARED_SELECTOR = YES;
				GCC_WARN_UNINITIALIZED_AUTOS = YES_AGGRESSIVE;
				GCC_WARN_UNUSED_FUNCTION = YES;
				GCC_WARN_UNUSED_VARIABLE = YES;
				IPHONEOS_DEPLOYMENT_TARGET = 16.4;
				MTL_ENABLE_DEBUG_INFO = NO;
				MTL_FAST_MATH = YES;
				SDKROOT = iphoneos;
				SWIFT_COMPILATION_MODE = wholemodule;
				SWIFT_OPTIMIZATION_LEVEL = "-O";
				VALIDATE_PRODUCT = YES;
			};
			name = Release;
		};
		1A73000D2A302F7A0092CECD /* Debug */ = {
			isa = XCBuildConfiguration;
			buildSettings = {
				ASSETCATALOG_COMPILER_APPICON_NAME = AppIcon;
				ASSETCATALOG_COMPILER_GLOBAL_ACCENT_COLOR_NAME = AccentColor;
				CODE_SIGN_STYLE = Automatic;
				CURRENT_PROJECT_VERSION = 1;
				DEVELOPMENT_ASSET_PATHS = "\"swift UI/Preview Content\"";
				ENABLE_PREVIEWS = YES;
				GENERATE_INFOPLIST_FILE = YES;
				INFOPLIST_KEY_UIApplicationSceneManifest_Generation = YES;
				INFOPLIST_KEY_UIApplicationSupportsIndirectInputEvents = YES;
				INFOPLIST_KEY_UILaunchScreen_Generation = YES;
				INFOPLIST_KEY_UISupportedInterfaceOrientations_iPad = "UIInterfaceOrientationPortrait UIInterfaceOrientationPortraitUpsideDown UIInterfaceOrientationLandscapeLeft UIInterfaceOrientationLandscapeRight";
				INFOPLIST_KEY_UISupportedInterfaceOrientations_iPhone = "UIInterfaceOrientationPortrait UIInterfaceOrientationLandscapeLeft UIInterfaceOrientationLandscapeRight";
				LD_RUNPATH_SEARCH_PATHS = (
					"$(inherited)",
					"@executable_path/Frameworks",
				);
				MARKETING_VERSION = 1.0;
				PRODUCT_BUNDLE_IDENTIFIER = "com.noncain.swift-UI";
				PRODUCT_NAME = "$(TARGET_NAME)";
				SWIFT_EMIT_LOC_STRINGS = YES;
				SWIFT_VERSION = 5.0;
				TARGETED_DEVICE_FAMILY = "1,2";
			};
			name = Debug;
		};
		1A73000E2A302F7A0092CECD /* Release */ = {
			isa = XCBuildConfiguration;
			buildSettings = {
				ASSETCATALOG_COMPILER_APPICON_NAME = AppIcon;
				ASSETCATALOG_COMPILER_GLOBAL_ACCENT_COLOR_NAME = AccentColor;
				CODE_SIGN_STYLE = Automatic;
				CURRENT_PROJECT_VERSION = 1;
				DEVELOPMENT_ASSET_PATHS = "\"swift UI/Preview Content\"";
				ENABLE_PREVIEWS = YES;
				GENERATE_INFOPLIST_FILE = YES;
				INFOPLIST_KEY_UIApplicationSceneManifest_Generation = YES;
				INFOPLIST_KEY_UIApplicationSupportsIndirectInputEvents = YES;
				INFOPLIST_KEY_UILaunchScreen_Generation = YES;
				INFOPLIST_KEY_UISupportedInterfaceOrientations_iPad = "UIInterfaceOrientationPortrait UIInterfaceOrientationPortraitUpsideDown UIInterfaceOrientationLandscapeLeft UIInterfaceOrientationLandscapeRight";
				INFOPLIST_KEY_UISupportedInterfaceOrientations_iPhone = "UIInterfaceOrientationPortrait UIInterfaceOrientationLandscapeLeft UIInterfaceOrientationLandscapeRight";
				LD_RUNPATH_SEARCH_PATHS = (
					"$(inherited)",
					"@executable_path/Frameworks",
				);
				MARKETING_VERSION = 1.0;
				PRODUCT_BUNDLE_IDENTIFIER = "com.noncain.swift-UI";
				PRODUCT_NAME = "$(TARGET_NAME)";
				SWIFT_EMIT_LOC_STRINGS = YES;
				SWIFT_VERSION = 5.0;
				TARGETED_DEVICE_FAMILY = "1,2";
			};
			name = Release;
		};
/* End XCBuildConfiguration section */

/* Begin XCConfigurationList section */
		1A73000C2A302F7A0092CECD /* Build configuration list for PBXNativeTarget "swift UI" */ = {
			isa = XCConfigurationList;
			buildConfigurations = (
				1A73000D2A302F7A0092CECD /* Debug */,
				1A73000E2A302F7A0092CECD /* Release */,
			);
			defaultConfigurationIsVisible = 0;
			defaultConfigurationName = Release;
		};
		1A73FFF92A302F780092CECD /* Build configuration list for PBXProject "swift UI" */ = {
			isa = XCConfigurationList;
			buildConfigurations = (
				1A73000A2A302F7A0092CECD /* Debug */,
				1A73000B2A302F7A0092CECD /* Release */,
			);
			defaultConfigurationIsVisible = 0;
			defaultConfigurationName = Release;
		};
/* End XCConfigurationList section */
	};
	rootObject = 1A73FFF62A302F780092CECD /* Project object */;
}
